
Microsoft Visual Studio Solution File, Format Version 12.00
# Visual Studio Version 17
VisualStudioVersion = 17.11.35208.52
MinimumVisualStudioVersion = 10.0.40219.1
Project("{9A19103F-16F7-4668-BE54-9A1E7A4F7556}") = "BrokenAuthDemo", "BrokenAuthDemo.csproj", "{B3FB03D0-5A87-44DD-BF4F-26C531134195}"
EndProject
Global
	GlobalSection(SolutionConfigurationPlatforms) = preSolution
		Debug|Any CPU = Debug|Any CPU
		Release|Any CPU = Release|Any CPU
	EndGlobalSection
	GlobalSection(ProjectConfigurationPlatforms) = postSolution
		{B3FB03D0-5A87-44DD-BF4F-26C531134195}.Debug|Any CPU.ActiveCfg = Debug|Any CPU
		{B3FB03D0-5A87-44DD-BF4F-26C531134195}.Debug|Any CPU.Build.0 = Debug|Any CPU
		{B3FB03D0-5A87-44DD-BF4F-26C531134195}.Release|Any CPU.ActiveCfg = Release|Any CPU
		{B3FB03D0-5A87-44DD-BF4F-26C531134195}.Release|Any CPU.Build.0 = Release|Any CPU
	EndGlobalSection
	GlobalSection(SolutionProperties) = preSolution
		HideSolutionNode = FALSE
	EndGlobalSection
	GlobalSection(ExtensibilityGlobals) = postSolution
		SolutionGuid = {174D93B0-DA10-415A-854E-2A4E9ED65EA8}
	EndGlobalSection
EndGlobal
